
Microsoft Visual Studio Solution File, Format Version 12.00
# Visual Studio Version 17
VisualStudioVersion = 17.1.32228.430
MinimumVisualStudioVersion = 10.0.40219.1
Project("{8BC9CEB8-8B4A-11D0-8D11-00A0C91BC942}") = "DiabolicalEngine", "DiabolicalEngine\DiabolicalEngine.vcxproj", "{D9D5AFA1-1613-4996-B84A-9DE636E97320}"
	ProjectSection(ProjectDependencies) = postProject
		{48C89912-E21E-4C31-A815-B15B98ECB341} = {48C89912-E21E-4C31-A815-B15B98ECB341}
	EndProjectSection
EndProject
Project("{8BC9CEB8-8B4A-11D0-8D11-00A0C91BC942}") = "DiabolicalTestGame", "DiabolicalTestGame\DiabolicalTestGame.vcxproj", "{6DD504E8-5619-4D48-B3B3-56BC291BB65F}"
EndProject
Project("{8BC9CEB8-8B4A-11D0-8D11-00A0C91BC942}") = "MetaGenerator", "MetaGenerator\MetaGenerator.vcxproj", "{48C89912-E21E-4C31-A815-B15B98ECB341}"
EndProject
Global
	GlobalSection(SolutionConfigurationPlatforms) = preSolution
		Debug|x64 = Debug|x64
		Debug|x86 = Debug|x86
		DebugMSVC|x64 = DebugMSVC|x64
		DebugMSVC|x86 = DebugMSVC|x86
		Release|x64 = Release|x64
		Release|x86 = Release|x86
	EndGlobalSection
	GlobalSection(ProjectConfigurationPlatforms) = postSolution
		{D9D5AFA1-1613-4996-B84A-9DE636E97320}.Debug|x64.ActiveCfg = DebugClang|x64
		{D9D5AFA1-1613-4996-B84A-9DE636E97320}.Debug|x64.Build.0 = DebugClang|x64
		{D9D5AFA1-1613-4996-B84A-9DE636E97320}.Debug|x86.ActiveCfg = DebugClang|Win32
		{D9D5AFA1-1613-4996-B84A-9DE636E97320}.Debug|x86.Build.0 = DebugClang|Win32
		{D9D5AFA1-1613-4996-B84A-9DE636E97320}.DebugMSVC|x64.ActiveCfg = DebugMSVC|x64
		{D9D5AFA1-1613-4996-B84A-9DE636E97320}.DebugMSVC|x64.Build.0 = DebugMSVC|x64
		{D9D5AFA1-1613-4996-B84A-9DE636E97320}.DebugMSVC|x86.ActiveCfg = DebugMSVC|Win32
		{D9D5AFA1-1613-4996-B84A-9DE636E97320}.DebugMSVC|x86.Build.0 = DebugMSVC|Win32
		{D9D5AFA1-1613-4996-B84A-9DE636E97320}.Release|x64.ActiveCfg = Release|x64
		{D9D5AFA1-1613-4996-B84A-9DE636E97320}.Release|x64.Build.0 = Release|x64
		{D9D5AFA1-1613-4996-B84A-9DE636E97320}.Release|x86.ActiveCfg = Release|Win32
		{D9D5AFA1-1613-4996-B84A-9DE636E97320}.Release|x86.Build.0 = Release|Win32
		{6DD504E8-5619-4D48-B3B3-56BC291BB65F}.Debug|x64.ActiveCfg = Debug|x64
		{6DD504E8-5619-4D48-B3B3-56BC291BB65F}.Debug|x64.Build.0 = Debug|x64
		{6DD504E8-5619-4D48-B3B3-56BC291BB65F}.Debug|x86.ActiveCfg = Debug|Win32
		{6DD504E8-5619-4D48-B3B3-56BC291BB65F}.Debug|x86.Build.0 = Debug|Win32
		{6DD504E8-5619-4D48-B3B3-56BC291BB65F}.DebugMSVC|x64.ActiveCfg = Debug|x64
		{6DD504E8-5619-4D48-B3B3-56BC291BB65F}.DebugMSVC|x64.Build.0 = Debug|x64
		{6DD504E8-5619-4D48-B3B3-56BC291BB65F}.DebugMSVC|x86.ActiveCfg = Debug|Win32
		{6DD504E8-5619-4D48-B3B3-56BC291BB65F}.DebugMSVC|x86.Build.0 = Debug|Win32
		{6DD504E8-5619-4D48-B3B3-56BC291BB65F}.Release|x64.ActiveCfg = Release|x64
		{6DD504E8-5619-4D48-B3B3-56BC291BB65F}.Release|x64.Build.0 = Release|x64
		{6DD504E8-5619-4D48-B3B3-56BC291BB65F}.Release|x86.ActiveCfg = Release|Win32
		{6DD504E8-5619-4D48-B3B3-56BC291BB65F}.Release|x86.Build.0 = Release|Win32
		{48C89912-E21E-4C31-A815-B15B98ECB341}.Debug|x64.ActiveCfg = Debug|x64
		{48C89912-E21E-4C31-A815-B15B98ECB341}.Debug|x64.Build.0 = Debug|x64
		{48C89912-E21E-4C31-A815-B15B98ECB341}.Debug|x86.ActiveCfg = Debug|Win32
		{48C89912-E21E-4C31-A815-B15B98ECB341}.Debug|x86.Build.0 = Debug|Win32
		{48C89912-E21E-4C31-A815-B15B98ECB341}.DebugMSVC|x64.ActiveCfg = Debug|x64
		{48C89912-E21E-4C31-A815-B15B98ECB341}.DebugMSVC|x64.Build.0 = Debug|x64
		{48C89912-E21E-4C31-A815-B15B98ECB341}.DebugMSVC|x86.ActiveCfg = Debug|Win32
		{48C89912-E21E-4C31-A815-B15B98ECB341}.DebugMSVC|x86.Build.0 = Debug|Win32
		{48C89912-E21E-4C31-A815-B15B98ECB341}.Release|x64.ActiveCfg = Release|x64
		{48C89912-E21E-4C31-A815-B15B98ECB341}.Release|x64.Build.0 = Release|x64
		{48C89912-E21E-4C31-A815-B15B98ECB341}.Release|x86.ActiveCfg = Release|Win32
		{48C89912-E21E-4C31-A815-B15B98ECB341}.Release|x86.Build.0 = Release|Win32
	EndGlobalSection
	GlobalSection(SolutionProperties) = preSolution
		HideSolutionNode = FALSE
	EndGlobalSection
	GlobalSection(ExtensibilityGlobals) = postSolution
		SolutionGuid = {559ED6AD-F078-4C57-9BE3-1122AF357FDE}
	EndGlobalSection
EndGlobal
