
Microsoft Visual Studio Solution File, Format Version 12.00
# Visual Studio Version 16
VisualStudioVersion = 16.0.31613.86
MinimumVisualStudioVersion = 10.0.40219.1
Project("{8BC9CEB8-8B4A-11D0-8D11-00A0C91BC942}") = "ArchiveTool", "ArchiveTool\ArchiveTool.vcxproj", "{D5ECB96B-2C83-4592-848A-70E6A181D1FF}"
EndProject
Project("{8BC9CEB8-8B4A-11D0-8D11-00A0C91BC942}") = "GameEngine", "GameEngine\GameEngine.vcxproj", "{D9D5AFA1-1613-4996-B84A-9DE636E97320}"
EndProject
Project("{8BC9CEB8-8B4A-11D0-8D11-00A0C91BC942}") = "GunGame", "GunGame\GunGame.vcxproj", "{6DD504E8-5619-4D48-B3B3-56BC291BB65F}"
EndProject
Global
	GlobalSection(SolutionConfigurationPlatforms) = preSolution
		Debug|x64 = Debug|x64
		Debug|x86 = Debug|x86
		Release|x64 = Release|x64
		Release|x86 = Release|x86
	EndGlobalSection
	GlobalSection(ProjectConfigurationPlatforms) = postSolution
		{D5ECB96B-2C83-4592-848A-70E6A181D1FF}.Debug|x64.ActiveCfg = Debug|x64
		{D5ECB96B-2C83-4592-848A-70E6A181D1FF}.Debug|x64.Build.0 = Debug|x64
		{D5ECB96B-2C83-4592-848A-70E6A181D1FF}.Debug|x86.ActiveCfg = Debug|Win32
		{D5ECB96B-2C83-4592-848A-70E6A181D1FF}.Debug|x86.Build.0 = Debug|Win32
		{D5ECB96B-2C83-4592-848A-70E6A181D1FF}.Release|x64.ActiveCfg = Release|x64
		{D5ECB96B-2C83-4592-848A-70E6A181D1FF}.Release|x64.Build.0 = Release|x64
		{D5ECB96B-2C83-4592-848A-70E6A181D1FF}.Release|x86.ActiveCfg = Release|Win32
		{D5ECB96B-2C83-4592-848A-70E6A181D1FF}.Release|x86.Build.0 = Release|Win32
		{D9D5AFA1-1613-4996-B84A-9DE636E97320}.Debug|x64.ActiveCfg = Debug|x64
		{D9D5AFA1-1613-4996-B84A-9DE636E97320}.Debug|x64.Build.0 = Debug|x64
		{D9D5AFA1-1613-4996-B84A-9DE636E97320}.Debug|x86.ActiveCfg = Debug|Win32
		{D9D5AFA1-1613-4996-B84A-9DE636E97320}.Debug|x86.Build.0 = Debug|Win32
		{D9D5AFA1-1613-4996-B84A-9DE636E97320}.Release|x64.ActiveCfg = Release|x64
		{D9D5AFA1-1613-4996-B84A-9DE636E97320}.Release|x64.Build.0 = Release|x64
		{D9D5AFA1-1613-4996-B84A-9DE636E97320}.Release|x86.ActiveCfg = Release|Win32
		{D9D5AFA1-1613-4996-B84A-9DE636E97320}.Release|x86.Build.0 = Release|Win32
		{6DD504E8-5619-4D48-B3B3-56BC291BB65F}.Debug|x64.ActiveCfg = Debug|x64
		{6DD504E8-5619-4D48-B3B3-56BC291BB65F}.Debug|x64.Build.0 = Debug|x64
		{6DD504E8-5619-4D48-B3B3-56BC291BB65F}.Debug|x86.ActiveCfg = Debug|Win32
		{6DD504E8-5619-4D48-B3B3-56BC291BB65F}.Debug|x86.Build.0 = Debug|Win32
		{6DD504E8-5619-4D48-B3B3-56BC291BB65F}.Release|x64.ActiveCfg = Release|x64
		{6DD504E8-5619-4D48-B3B3-56BC291BB65F}.Release|x64.Build.0 = Release|x64
		{6DD504E8-5619-4D48-B3B3-56BC291BB65F}.Release|x86.ActiveCfg = Release|Win32
		{6DD504E8-5619-4D48-B3B3-56BC291BB65F}.Release|x86.Build.0 = Release|Win32
	EndGlobalSection
	GlobalSection(SolutionProperties) = preSolution
		HideSolutionNode = FALSE
	EndGlobalSection
	GlobalSection(ExtensibilityGlobals) = postSolution
		SolutionGuid = {559ED6AD-F078-4C57-9BE3-1122AF357FDE}
	EndGlobalSection
EndGlobal
